PODS:
  - ColorPickerRow (1.2.0):
    - Eureka (>= 3.0.0)
    - UIColor_Hex_Swift (>= 3.0.0)
  - Eureka (4.1.1)
  - UIColor_Hex_Swift (4.2.0)

DEPENDENCIES:
  - ColorPickerRow (from `https://github.com/EurekaCommunity/ColorPickerRow`, tag `1.2.1`)
  - Eureka (= 4.1.1)
  - UIColor_Hex_Swift

SPEC REPOS:
  https://github.com/cocoapods/specs.git:
    - Eureka
    - UIColor_Hex_Swift

EXTERNAL SOURCES:
  ColorPickerRow:
    :git: https://github.com/EurekaCommunity/ColorPickerRow
    :tag: 1.2.1

CHECKOUT OPTIONS:
  ColorPickerRow:
    :git: https://github.com/EurekaCommunity/ColorPickerRow
    :tag: 1.2.1

SPEC CHECKSUMS:
  ColorPickerRow: df856c7ec4391384a72a63177c6aba0a02c67e39
  Eureka: b88fb930e42c79f8c03c373d0fcdc28c1d6c50ed
  UIColor_Hex_Swift: bc07fc197421ee896b9ed6dcfa2054b7fbf75145

PODFILE CHECKSUM: 405698135e9343412d9870b809c3e6c5d202961a

COCOAPODS: 1.6.1
