// !$*UTF8*$!
{
	archiveVersion = 1;
	classes = {
	};
	objectVersion = 50;
	objects = {

/* Begin PBXBuildFile section */
		8A0D6984234EFBF67A614979 /* Pods_Task_Manager.framework in Frameworks */ = {isa = PBXBuildFile; fileRef = 32911A27820DF090AB2C5C00 /* Pods_Task_Manager.framework */; };
		E10D1C1C20B33D620092EBD2 /* CategoryCell.swift in Sources */ = {isa = PBXBuildFile; fileRef = E10D1C1B20B33D620092EBD2 /* CategoryCell.swift */; };
		E10D1C1F20B3678F0092EBD2 /* NotificationService.swift in Sources */ = {isa = PBXBuildFile; fileRef = E10D1C1E20B3678F0092EBD2 /* NotificationService.swift */; };
		E1440AFB20A9F8B6000C7817 /* AppDelegate.swift in Sources */ = {isa = PBXBuildFile; fileRef = E1440AFA20A9F8B6000C7817 /* AppDelegate.swift */; };
		E1440B0020A9F8B6000C7817 /* Main.storyboard in Resources */ = {isa = PBXBuildFile; fileRef = E1440AFE20A9F8B6000C7817 /* Main.storyboard */; };
		E1440B0320A9F8B6000C7817 /* Task_Manager.xcdatamodeld in Sources */ = {isa = PBXBuildFile; fileRef = E1440B0120A9F8B6000C7817 /* Task_Manager.xcdatamodeld */; };
		E1440B0520A9F8B7000C7817 /* Assets.xcassets in Resources */ = {isa = PBXBuildFile; fileRef = E1440B0420A9F8B7000C7817 /* Assets.xcassets */; };
		E1440B0820A9F8B7000C7817 /* LaunchScreen.storyboard in Resources */ = {isa = PBXBuildFile; fileRef = E1440B0620A9F8B7000C7817 /* LaunchScreen.storyboard */; };
		E1440B1220AB24AA000C7817 /* Task.swift in Sources */ = {isa = PBXBuildFile; fileRef = E1440B1120AB24AA000C7817 /* Task.swift */; };
		E1440B1420AB24D3000C7817 /* Category.swift in Sources */ = {isa = PBXBuildFile; fileRef = E1440B1320AB24D3000C7817 /* Category.swift */; };
		E1440B1C20AB45AB000C7817 /* TasksTableViewController.swift in Sources */ = {isa = PBXBuildFile; fileRef = E1440B1B20AB45AB000C7817 /* TasksTableViewController.swift */; };
		E1440B1E20AB5276000C7817 /* TaskUpdateViewController.swift in Sources */ = {isa = PBXBuildFile; fileRef = E1440B1D20AB5276000C7817 /* TaskUpdateViewController.swift */; };
		E1440B2220B20677000C7817 /* SettingsViewController.swift in Sources */ = {isa = PBXBuildFile; fileRef = E1440B2120B20676000C7817 /* SettingsViewController.swift */; };
		E1440B2620B221D3000C7817 /* TaskCell.swift in Sources */ = {isa = PBXBuildFile; fileRef = E1440B2520B221D3000C7817 /* TaskCell.swift */; };
		E1440B2820B2D96E000C7817 /* CategoryTableViewController.swift in Sources */ = {isa = PBXBuildFile; fileRef = E1440B2720B2D96E000C7817 /* CategoryTableViewController.swift */; };
		E1440B2E20B3231D000C7817 /* CategoryUpdateViewController.swift in Sources */ = {isa = PBXBuildFile; fileRef = E1440B2D20B3231D000C7817 /* CategoryUpdateViewController.swift */; };
/* End PBXBuildFile section */

/* Begin PBXFileReference section */
		32911A27820DF090AB2C5C00 /* Pods_Task_Manager.framework */ = {isa = PBXFileReference; explicitFileType = wrapper.framework; includeInIndex = 0; path = Pods_Task_Manager.framework; sourceTree = BUILT_PRODUCTS_DIR; };
		66F8DD25AD0F899742046666 /* Pods-Task Manager.release.xcconfig */ = {isa = PBXFileReference; includeInIndex = 1; lastKnownFileType = text.xcconfig; name = "Pods-Task Manager.release.xcconfig"; path = "Pods/Target Support Files/Pods-Task Manager/Pods-Task Manager.release.xcconfig"; sourceTree = "<group>"; };
		E10D1C1B20B33D620092EBD2 /* CategoryCell.swift */ = {isa = PBXFileReference; lastKnownFileType = sourcecode.swift; path = CategoryCell.swift; sourceTree = "<group>"; };
		E10D1C1E20B3678F0092EBD2 /* NotificationService.swift */ = {isa = PBXFileReference; lastKnownFileType = sourcecode.swift; path = NotificationService.swift; sourceTree = "<group>"; };
		E1440AF720A9F8B6000C7817 /* Task Manager.app */ = {isa = PBXFileReference; explicitFileType = wrapper.application; includeInIndex = 0; path = "Task Manager.app"; sourceTree = BUILT_PRODUCTS_DIR; };
		E1440AFA20A9F8B6000C7817 /* AppDelegate.swift */ = {isa = PBXFileReference; lastKnownFileType = sourcecode.swift; path = AppDelegate.swift; sourceTree = "<group>"; };
		E1440AFF20A9F8B6000C7817 /* Base */ = {isa = PBXFileReference; lastKnownFileType = file.storyboard; name = Base; path = Base.lproj/Main.storyboard; sourceTree = "<group>"; };
		E1440B0220A9F8B6000C7817 /* Task_Manager.xcdatamodel */ = {isa = PBXFileReference; lastKnownFileType = wrapper.xcdatamodel; path = Task_Manager.xcdatamodel; sourceTree = "<group>"; };
		E1440B0420A9F8B7000C7817 /* Assets.xcassets */ = {isa = PBXFileReference; lastKnownFileType = folder.assetcatalog; path = Assets.xcassets; sourceTree = "<group>"; };
		E1440B0720A9F8B7000C7817 /* Base */ = {isa = PBXFileReference; lastKnownFileType = file.storyboard; name = Base; path = Base.lproj/LaunchScreen.storyboard; sourceTree = "<group>"; };
		E1440B0920A9F8B7000C7817 /* Info.plist */ = {isa = PBXFileReference; lastKnownFileType = text.plist.xml; path = Info.plist; sourceTree = "<group>"; };
		E1440B1120AB24AA000C7817 /* Task.swift */ = {isa = PBXFileReference; lastKnownFileType = sourcecode.swift; path = Task.swift; sourceTree = "<group>"; };
		E1440B1320AB24D3000C7817 /* Category.swift */ = {isa = PBXFileReference; lastKnownFileType = sourcecode.swift; path = Category.swift; sourceTree = "<group>"; };
		E1440B1B20AB45AB000C7817 /* TasksTableViewController.swift */ = {isa = PBXFileReference; lastKnownFileType = sourcecode.swift; path = TasksTableViewController.swift; sourceTree = "<group>"; };
		E1440B1D20AB5276000C7817 /* TaskUpdateViewController.swift */ = {isa = PBXFileReference; lastKnownFileType = sourcecode.swift; path = TaskUpdateViewController.swift; sourceTree = "<group>"; };
		E1440B2120B20676000C7817 /* SettingsViewController.swift */ = {isa = PBXFileReference; lastKnownFileType = sourcecode.swift; path = SettingsViewController.swift; sourceTree = "<group>"; };
		E1440B2520B221D3000C7817 /* TaskCell.swift */ = {isa = PBXFileReference; lastKnownFileType = sourcecode.swift; path = TaskCell.swift; sourceTree = "<group>"; };
		E1440B2720B2D96E000C7817 /* CategoryTableViewController.swift */ = {isa = PBXFileReference; lastKnownFileType = sourcecode.swift; path = CategoryTableViewController.swift; sourceTree = "<group>"; };
		E1440B2D20B3231D000C7817 /* CategoryUpdateViewController.swift */ = {isa = PBXFileReference; lastKnownFileType = sourcecode.swift; path = CategoryUpdateViewController.swift; sourceTree = "<group>"; };
		F2C7F8B0E04C1338175E1113 /* Pods-Task Manager.debug.xcconfig */ = {isa = PBXFileReference; includeInIndex = 1; lastKnownFileType = text.xcconfig; name = "Pods-Task Manager.debug.xcconfig"; path = "Pods/Target Support Files/Pods-Task Manager/Pods-Task Manager.debug.xcconfig"; sourceTree = "<group>"; };
/* End PBXFileReference section */

/* Begin PBXFrameworksBuildPhase section */
		E1440AF420A9F8B6000C7817 /* Frameworks */ = {
			isa = PBXFrameworksBuildPhase;
			buildActionMask = 2147483647;
			files = (
				8A0D6984234EFBF67A614979 /* Pods_Task_Manager.framework in Frameworks */,
			);
			runOnlyForDeploymentPostprocessing = 0;
		};
/* End PBXFrameworksBuildPhase section */

/* Begin PBXGroup section */
		AD21F5B94FB14110325038B0 /* Frameworks */ = {
			isa = PBXGroup;
			children = (
				32911A27820DF090AB2C5C00 /* Pods_Task_Manager.framework */,
			);
			name = Frameworks;
			sourceTree = "<group>";
		};
		CFB24FCFE86FD37D6F302714 /* Pods */ = {
			isa = PBXGroup;
			children = (
				F2C7F8B0E04C1338175E1113 /* Pods-Task Manager.debug.xcconfig */,
				66F8DD25AD0F899742046666 /* Pods-Task Manager.release.xcconfig */,
			);
			name = Pods;
			sourceTree = "<group>";
		};
		E13137C620CBE3A400E3AE7C /* Services */ = {
			isa = PBXGroup;
			children = (
				E10D1C1E20B3678F0092EBD2 /* NotificationService.swift */,
			);
			path = Services;
			sourceTree = "<group>";
		};
		E1440AEE20A9F8B6000C7817 = {
			isa = PBXGroup;
			children = (
				E1440AF920A9F8B6000C7817 /* Task Manager */,
				E1440AF820A9F8B6000C7817 /* Products */,
				CFB24FCFE86FD37D6F302714 /* Pods */,
				AD21F5B94FB14110325038B0 /* Frameworks */,
			);
			sourceTree = "<group>";
		};
		E1440AF820A9F8B6000C7817 /* Products */ = {
			isa = PBXGroup;
			children = (
				E1440AF720A9F8B6000C7817 /* Task Manager.app */,
			);
			name = Products;
			sourceTree = "<group>";
		};
		E1440AF920A9F8B6000C7817 /* Task Manager */ = {
			isa = PBXGroup;
			children = (
				E13137C620CBE3A400E3AE7C /* Services */,
				E1440B1920AB453B000C7817 /* UI */,
				E1440B1A20AB458D000C7817 /* View Controllers */,
				E1440B0F20AB2459000C7817 /* Model */,
				E1440AFA20A9F8B6000C7817 /* AppDelegate.swift */,
				E1440B0920A9F8B7000C7817 /* Info.plist */,
			);
			path = "Task Manager";
			sourceTree = "<group>";
		};
		E1440B0F20AB2459000C7817 /* Model */ = {
			isa = PBXGroup;
			children = (
				E1440B1120AB24AA000C7817 /* Task.swift */,
				E1440B1320AB24D3000C7817 /* Category.swift */,
				E1440B0120A9F8B6000C7817 /* Task_Manager.xcdatamodeld */,
			);
			path = Model;
			sourceTree = "<group>";
		};
		E1440B1920AB453B000C7817 /* UI */ = {
			isa = PBXGroup;
			children = (
				E1440B0420A9F8B7000C7817 /* Assets.xcassets */,
				E1440B0620A9F8B7000C7817 /* LaunchScreen.storyboard */,
				E1440AFE20A9F8B6000C7817 /* Main.storyboard */,
				E1440B2320B2217D000C7817 /* Collection View Cells */,
			);
			path = UI;
			sourceTree = "<group>";
		};
		E1440B1A20AB458D000C7817 /* View Controllers */ = {
			isa = PBXGroup;
			children = (
				E1440B1B20AB45AB000C7817 /* TasksTableViewController.swift */,
				E1440B1D20AB5276000C7817 /* TaskUpdateViewController.swift */,
				E1440B2120B20676000C7817 /* SettingsViewController.swift */,
				E1440B2720B2D96E000C7817 /* CategoryTableViewController.swift */,
				E1440B2D20B3231D000C7817 /* CategoryUpdateViewController.swift */,
			);
			path = "View Controllers";
			sourceTree = "<group>";
		};
		E1440B2320B2217D000C7817 /* Collection View Cells */ = {
			isa = PBXGroup;
			children = (
				E1440B2520B221D3000C7817 /* TaskCell.swift */,
				E10D1C1B20B33D620092EBD2 /* CategoryCell.swift */,
			);
			path = "Collection View Cells";
			sourceTree = "<group>";
		};
/* End PBXGroup section */

/* Begin PBXNativeTarget section */
		E1440AF620A9F8B6000C7817 /* Task Manager */ = {
			isa = PBXNativeTarget;
			buildConfigurationList = E1440B0C20A9F8B7000C7817 /* Build configuration list for PBXNativeTarget "Task Manager" */;
			buildPhases = (
				B4CECCFF06013F94C63A57D5 /* [CP] Check Pods Manifest.lock */,
				E1440AF320A9F8B6000C7817 /* Sources */,
				E1440AF420A9F8B6000C7817 /* Frameworks */,
				E1440AF520A9F8B6000C7817 /* Resources */,
				16A554A46941CF61503C4465 /* [CP] Embed Pods Frameworks */,
			);
			buildRules = (
			);
			dependencies = (
			);
			name = "Task Manager";
			productName = "Task Manager";
			productReference = E1440AF720A9F8B6000C7817 /* Task Manager.app */;
			productType = "com.apple.product-type.application";
		};
/* End PBXNativeTarget section */

/* Begin PBXProject section */
		E1440AEF20A9F8B6000C7817 /* Project object */ = {
			isa = PBXProject;
			attributes = {
				LastSwiftUpdateCheck = 0930;
				LastUpgradeCheck = 0930;
				ORGANIZATIONNAME = "Peter Schmiedt";
				TargetAttributes = {
					E1440AF620A9F8B6000C7817 = {
						CreatedOnToolsVersion = 9.3.1;
					};
				};
			};
			buildConfigurationList = E1440AF220A9F8B6000C7817 /* Build configuration list for PBXProject "Task Manager" */;
			compatibilityVersion = "Xcode 9.3";
			developmentRegion = en;
			hasScannedForEncodings = 0;
			knownRegions = (
				en,
				Base,
			);
			mainGroup = E1440AEE20A9F8B6000C7817;
			productRefGroup = E1440AF820A9F8B6000C7817 /* Products */;
			projectDirPath = "";
			projectRoot = "";
			targets = (
				E1440AF620A9F8B6000C7817 /* Task Manager */,
			);
		};
/* End PBXProject section */

/* Begin PBXResourcesBuildPhase section */
		E1440AF520A9F8B6000C7817 /* Resources */ = {
			isa = PBXResourcesBuildPhase;
			buildActionMask = 2147483647;
			files = (
				E1440B0820A9F8B7000C7817 /* LaunchScreen.storyboard in Resources */,
				E1440B0520A9F8B7000C7817 /* Assets.xcassets in Resources */,
				E1440B0020A9F8B6000C7817 /* Main.storyboard in Resources */,
			);
			runOnlyForDeploymentPostprocessing = 0;
		};
/* End PBXResourcesBuildPhase section */

/* Begin PBXShellScriptBuildPhase section */
		16A554A46941CF61503C4465 /* [CP] Embed Pods Frameworks */ = {
			isa = PBXShellScriptBuildPhase;
			buildActionMask = 2147483647;
			files = (
			);
			inputPaths = (
				"${SRCROOT}/Pods/Target Support Files/Pods-Task Manager/Pods-Task Manager-frameworks.sh",
				"${BUILT_PRODUCTS_DIR}/ColorPickerRow/ColorPickerRow.framework",
				"${BUILT_PRODUCTS_DIR}/Eureka/Eureka.framework",
				"${BUILT_PRODUCTS_DIR}/UIColor_Hex_Swift/UIColor_Hex_Swift.framework",
			);
			name = "[CP] Embed Pods Frameworks";
			outputPaths = (
				"${TARGET_BUILD_DIR}/${FRAMEWORKS_FOLDER_PATH}/ColorPickerRow.framework",
				"${TARGET_BUILD_DIR}/${FRAMEWORKS_FOLDER_PATH}/Eureka.framework",
				"${TARGET_BUILD_DIR}/${FRAMEWORKS_FOLDER_PATH}/UIColor_Hex_Swift.framework",
			);
			runOnlyForDeploymentPostprocessing = 0;
			shellPath = /bin/sh;
			shellScript = "\"${SRCROOT}/Pods/Target Support Files/Pods-Task Manager/Pods-Task Manager-frameworks.sh\"\n";
			showEnvVarsInLog = 0;
		};
		B4CECCFF06013F94C63A57D5 /* [CP] Check Pods Manifest.lock */ = {
			isa = PBXShellScriptBuildPhase;
			buildActionMask = 2147483647;
			files = (
			);
			inputPaths = (
				"${PODS_PODFILE_DIR_PATH}/Podfile.lock",
				"${PODS_ROOT}/Manifest.lock",
			);
			name = "[CP] Check Pods Manifest.lock";
			outputPaths = (
				"$(DERIVED_FILE_DIR)/Pods-Task Manager-checkManifestLockResult.txt",
			);
			runOnlyForDeploymentPostprocessing = 0;
			shellPath = /bin/sh;
			shellScript = "diff \"${PODS_PODFILE_DIR_PATH}/Podfile.lock\" \"${PODS_ROOT}/Manifest.lock\" > /dev/null\nif [ $? != 0 ] ; then\n    # print error to STDERR\n    echo \"error: The sandbox is not in sync with the Podfile.lock. Run 'pod install' or update your CocoaPods installation.\" >&2\n    exit 1\nfi\n# This output is used by Xcode 'outputs' to avoid re-running this script phase.\necho \"SUCCESS\" > \"${SCRIPT_OUTPUT_FILE_0}\"\n";
			showEnvVarsInLog = 0;
		};
/* End PBXShellScriptBuildPhase section */

/* Begin PBXSourcesBuildPhase section */
		E1440AF320A9F8B6000C7817 /* Sources */ = {
			isa = PBXSourcesBuildPhase;
			buildActionMask = 2147483647;
			files = (
				E1440B2E20B3231D000C7817 /* CategoryUpdateViewController.swift in Sources */,
				E1440B1220AB24AA000C7817 /* Task.swift in Sources */,
				E1440B1C20AB45AB000C7817 /* TasksTableViewController.swift in Sources */,
				E1440B2220B20677000C7817 /* SettingsViewController.swift in Sources */,
				E10D1C1F20B3678F0092EBD2 /* NotificationService.swift in Sources */,
				E1440B1420AB24D3000C7817 /* Category.swift in Sources */,
				E1440B2620B221D3000C7817 /* TaskCell.swift in Sources */,
				E1440B2820B2D96E000C7817 /* CategoryTableViewController.swift in Sources */,
				E1440AFB20A9F8B6000C7817 /* AppDelegate.swift in Sources */,
				E1440B1E20AB5276000C7817 /* TaskUpdateViewController.swift in Sources */,
				E1440B0320A9F8B6000C7817 /* Task_Manager.xcdatamodeld in Sources */,
				E10D1C1C20B33D620092EBD2 /* CategoryCell.swift in Sources */,
			);
			runOnlyForDeploymentPostprocessing = 0;
		};
/* End PBXSourcesBuildPhase section */

/* Begin PBXVariantGroup section */
		E1440AFE20A9F8B6000C7817 /* Main.storyboard */ = {
			isa = PBXVariantGroup;
			children = (
				E1440AFF20A9F8B6000C7817 /* Base */,
			);
			name = Main.storyboard;
			sourceTree = "<group>";
		};
		E1440B0620A9F8B7000C7817 /* LaunchScreen.storyboard */ = {
			isa = PBXVariantGroup;
			children = (
				E1440B0720A9F8B7000C7817 /* Base */,
			);
			name = LaunchScreen.storyboard;
			sourceTree = "<group>";
		};
/* End PBXVariantGroup section */

/* Begin XCBuildConfiguration section */
		E1440B0A20A9F8B7000C7817 /* Debug */ = {
			isa = XCBuildConfiguration;
			buildSettings = {
				ALWAYS_SEARCH_USER_PATHS = NO;
				CLANG_ANALYZER_NONNULL = YES;
				CLANG_ANALYZER_NUMBER_OBJECT_CONVERSION = YES_AGGRESSIVE;
				CLANG_CXX_LANGUAGE_STANDARD = "gnu++14";
				CLANG_CXX_LIBRARY = "libc++";
				CLANG_ENABLE_MODULES = YES;
				CLANG_ENABLE_OBJC_ARC = YES;
				CLANG_ENABLE_OBJC_WEAK = YES;
				CLANG_WARN_BLOCK_CAPTURE_AUTORELEASING = YES;
				CLANG_WARN_BOOL_CONVERSION = YES;
				CLANG_WARN_COMMA = YES;
				CLANG_WARN_CONSTANT_CONVERSION = YES;
				CLANG_WARN_DEPRECATED_OBJC_IMPLEMENTATIONS = YES;
				CLANG_WARN_DIRECT_OBJC_ISA_USAGE = YES_ERROR;
				CLANG_WARN_DOCUMENTATION_COMMENTS = YES;
				CLANG_WARN_EMPTY_BODY = YES;
				CLANG_WARN_ENUM_CONVERSION = YES;
				CLANG_WARN_INFINITE_RECURSION = YES;
				CLANG_WARN_INT_CONVERSION = YES;
				CLANG_WARN_NON_LITERAL_NULL_CONVERSION = YES;
				CLANG_WARN_OBJC_IMPLICIT_RETAIN_SELF = YES;
				CLANG_WARN_OBJC_LITERAL_CONVERSION = YES;
				CLANG_WARN_OBJC_ROOT_CLASS = YES_ERROR;
				CLANG_WARN_RANGE_LOOP_ANALYSIS = YES;
				CLANG_WARN_STRICT_PROTOTYPES = YES;
				CLANG_WARN_SUSPICIOUS_MOVE = YES;
				CLANG_WARN_UNGUARDED_AVAILABILITY = YES_AGGRESSIVE;
				CLANG_WARN_UNREACHABLE_CODE = YES;
				CLANG_WARN__DUPLICATE_METHOD_MATCH = YES;
				CODE_SIGN_IDENTITY = "iPhone Developer";
				COPY_PHASE_STRIP = NO;
				DEBUG_INFORMATION_FORMAT = dwarf;
				ENABLE_STRICT_OBJC_MSGSEND = YES;
				ENABLE_TESTABILITY = YES;
				GCC_C_LANGUAGE_STANDARD = gnu11;
				GCC_DYNAMIC_NO_PIC = NO;
				GCC_NO_COMMON_BLOCKS = YES;
				GCC_OPTIMIZATION_LEVEL = 0;
				GCC_PREPROCESSOR_DEFINITIONS = (
					"DEBUG=1",
					"$(inherited)",
				);
				GCC_WARN_64_TO_32_BIT_CONVERSION = YES;
				GCC_WARN_ABOUT_RETURN_TYPE = YES_ERROR;
				GCC_WARN_UNDECLARED_SELECTOR = YES;
				GCC_WARN_UNINITIALIZED_AUTOS = YES_AGGRESSIVE;
				GCC_WARN_UNUSED_FUNCTION = YES;
				GCC_WARN_UNUSED_VARIABLE = YES;
				IPHONEOS_DEPLOYMENT_TARGET = 11.3;
				MTL_ENABLE_DEBUG_INFO = YES;
				ONLY_ACTIVE_ARCH = YES;
				SDKROOT = iphoneos;
				SWIFT_ACTIVE_COMPILATION_CONDITIONS = DEBUG;
				SWIFT_OPTIMIZATION_LEVEL = "-Onone";
			};
			name = Debug;
		};
		E1440B0B20A9F8B7000C7817 /* Release */ = {
			isa = XCBuildConfiguration;
			buildSettings = {
				ALWAYS_SEARCH_USER_PATHS = NO;
				CLANG_ANALYZER_NONNULL = YES;
				CLANG_ANALYZER_NUMBER_OBJECT_CONVERSION = YES_AGGRESSIVE;
				CLANG_CXX_LANGUAGE_STANDARD = "gnu++14";
				CLANG_CXX_LIBRARY = "libc++";
				CLANG_ENABLE_MODULES = YES;
				CLANG_ENABLE_OBJC_ARC = YES;
				CLANG_ENABLE_OBJC_WEAK = YES;
				CLANG_WARN_BLOCK_CAPTURE_AUTORELEASING = YES;
				CLANG_WARN_BOOL_CONVERSION = YES;
				CLANG_WARN_COMMA = YES;
				CLANG_WARN_CONSTANT_CONVERSION = YES;
				CLANG_WARN_DEPRECATED_OBJC_IMPLEMENTATIONS = YES;
				CLANG_WARN_DIRECT_OBJC_ISA_USAGE = YES_ERROR;
				CLANG_WARN_DOCUMENTATION_COMMENTS = YES;
				CLANG_WARN_EMPTY_BODY = YES;
				CLANG_WARN_ENUM_CONVERSION = YES;
				CLANG_WARN_INFINITE_RECURSION = YES;
				CLANG_WARN_INT_CONVERSION = YES;
				CLANG_WARN_NON_LITERAL_NULL_CONVERSION = YES;
				CLANG_WARN_OBJC_IMPLICIT_RETAIN_SELF = YES;
				CLANG_WARN_OBJC_LITERAL_CONVERSION = YES;
				CLANG_WARN_OBJC_ROOT_CLASS = YES_ERROR;
				CLANG_WARN_RANGE_LOOP_ANALYSIS = YES;
				CLANG_WARN_STRICT_PROTOTYPES = YES;
				CLANG_WARN_SUSPICIOUS_MOVE = YES;
				CLANG_WARN_UNGUARDED_AVAILABILITY = YES_AGGRESSIVE;
				CLANG_WARN_UNREACHABLE_CODE = YES;
				CLANG_WARN__DUPLICATE_METHOD_MATCH = YES;
				CODE_SIGN_IDENTITY = "iPhone Developer";
				COPY_PHASE_STRIP = NO;
				DEBUG_INFORMATION_FORMAT = "dwarf-with-dsym";
				ENABLE_NS_ASSERTIONS = NO;
				ENABLE_STRICT_OBJC_MSGSEND = YES;
				GCC_C_LANGUAGE_STANDARD = gnu11;
				GCC_NO_COMMON_BLOCKS = YES;
				GCC_WARN_64_TO_32_BIT_CONVERSION = YES;
				GCC_WARN_ABOUT_RETURN_TYPE = YES_ERROR;
				GCC_WARN_UNDECLARED_SELECTOR = YES;
				GCC_WARN_UNINITIALIZED_AUTOS = YES_AGGRESSIVE;
				GCC_WARN_UNUSED_FUNCTION = YES;
				GCC_WARN_UNUSED_VARIABLE = YES;
				IPHONEOS_DEPLOYMENT_TARGET = 11.3;
				MTL_ENABLE_DEBUG_INFO = NO;
				SDKROOT = iphoneos;
				SWIFT_COMPILATION_MODE = wholemodule;
				SWIFT_OPTIMIZATION_LEVEL = "-O";
				VALIDATE_PRODUCT = YES;
			};
			name = Release;
		};
		E1440B0D20A9F8B7000C7817 /* Debug */ = {
			isa = XCBuildConfiguration;
			baseConfigurationReference = F2C7F8B0E04C1338175E1113 /* Pods-Task Manager.debug.xcconfig */;
			buildSettings = {
				ASSETCATALOG_COMPILER_APPICON_NAME = AppIcon;
				CODE_SIGN_STYLE = Automatic;
				DEVELOPMENT_TEAM = QA7B9ZD2CW;
				INFOPLIST_FILE = "Task Manager/Info.plist";
				LD_RUNPATH_SEARCH_PATHS = (
					"$(inherited)",
					"@executable_path/Frameworks",
				);
				PRODUCT_BUNDLE_IDENTIFIER = "cz.peterschmiedt.Task-Manager";
				PRODUCT_NAME = "$(TARGET_NAME)";
				SWIFT_VERSION = 4.0;
				TARGETED_DEVICE_FAMILY = "1,2";
			};
			name = Debug;
		};
		E1440B0E20A9F8B7000C7817 /* Release */ = {
			isa = XCBuildConfiguration;
			baseConfigurationReference = 66F8DD25AD0F899742046666 /* Pods-Task Manager.release.xcconfig */;
			buildSettings = {
				ASSETCATALOG_COMPILER_APPICON_NAME = AppIcon;
				CODE_SIGN_STYLE = Automatic;
				DEVELOPMENT_TEAM = QA7B9ZD2CW;
				INFOPLIST_FILE = "Task Manager/Info.plist";
				LD_RUNPATH_SEARCH_PATHS = (
					"$(inherited)",
					"@executable_path/Frameworks",
				);
				PRODUCT_BUNDLE_IDENTIFIER = "cz.peterschmiedt.Task-Manager";
				PRODUCT_NAME = "$(TARGET_NAME)";
				SWIFT_VERSION = 4.0;
				TARGETED_DEVICE_FAMILY = "1,2";
			};
			name = Release;
		};
/* End XCBuildConfiguration section */

/* Begin XCConfigurationList section */
		E1440AF220A9F8B6000C7817 /* Build configuration list for PBXProject "Task Manager" */ = {
			isa = XCConfigurationList;
			buildConfigurations = (
				E1440B0A20A9F8B7000C7817 /* Debug */,
				E1440B0B20A9F8B7000C7817 /* Release */,
			);
			defaultConfigurationIsVisible = 0;
			defaultConfigurationName = Release;
		};
		E1440B0C20A9F8B7000C7817 /* Build configuration list for PBXNativeTarget "Task Manager" */ = {
			isa = XCConfigurationList;
			buildConfigurations = (
				E1440B0D20A9F8B7000C7817 /* Debug */,
				E1440B0E20A9F8B7000C7817 /* Release */,
			);
			defaultConfigurationIsVisible = 0;
			defaultConfigurationName = Release;
		};
/* End XCConfigurationList section */

/* Begin XCVersionGroup section */
		E1440B0120A9F8B6000C7817 /* Task_Manager.xcdatamodeld */ = {
			isa = XCVersionGroup;
			children = (
				E1440B0220A9F8B6000C7817 /* Task_Manager.xcdatamodel */,
			);
			currentVersion = E1440B0220A9F8B6000C7817 /* Task_Manager.xcdatamodel */;
			path = Task_Manager.xcdatamodeld;
			sourceTree = "<group>";
			versionGroupType = wrapper.xcdatamodel;
		};
/* End XCVersionGroup section */
	};
	rootObject = E1440AEF20A9F8B6000C7817 /* Project object */;
}
